// !$*UTF8*$!
{
	archiveVersion = 1;
	classes = {
	};
	objectVersion = 46;
	objects = {

/* Begin PBXBuildFile section */
		001487F81ED921020071F4D7 /* ChangePasswordViewController.m in Sources */ = {isa = PBXBuildFile; fileRef = 001487F61ED921020071F4D7 /* ChangePasswordViewController.m */; };
		001487F91ED921020071F4D7 /* ChangePasswordViewController.xib in Resources */ = {isa = PBXBuildFile; fileRef = 001487F71ED921020071F4D7 /* ChangePasswordViewController.xib */; };
		001487FD1ED931410071F4D7 /* AddEquipViewController.m in Sources */ = {isa = PBXBuildFile; fileRef = 001487FC1ED931410071F4D7 /* AddEquipViewController.m */; };
		001488011ED94D9A0071F4D7 /* AddEquipCell.m in Sources */ = {isa = PBXBuildFile; fileRef = 001487FF1ED94D9A0071F4D7 /* AddEquipCell.m */; };
		001488021ED94D9A0071F4D7 /* AddEquipCell.xib in Resources */ = {isa = PBXBuildFile; fileRef = 001488001ED94D9A0071F4D7 /* AddEquipCell.xib */; };
		001488061ED94E5B0071F4D7 /* EquipCollectionReusableView.m in Sources */ = {isa = PBXBuildFile; fileRef = 001488041ED94E5B0071F4D7 /* EquipCollectionReusableView.m */; };
		001488071ED94E5B0071F4D7 /* EquipCollectionReusableView.xib in Resources */ = {isa = PBXBuildFile; fileRef = 001488051ED94E5B0071F4D7 /* EquipCollectionReusableView.xib */; };
		0014880C1ED955870071F4D7 /* EquipDetailViewController.m in Sources */ = {isa = PBXBuildFile; fileRef = 0014880A1ED955870071F4D7 /* EquipDetailViewController.m */; };
		0014880D1ED955870071F4D7 /* EquipDetailViewController.xib in Resources */ = {isa = PBXBuildFile; fileRef = 0014880B1ED955870071F4D7 /* EquipDetailViewController.xib */; };
		001488121ED980970071F4D7 /* BandViewController.m in Sources */ = {isa = PBXBuildFile; fileRef = 001488101ED980970071F4D7 /* BandViewController.m */; };
		001488131ED980970071F4D7 /* BandViewController.xib in Resources */ = {isa = PBXBuildFile; fileRef = 001488111ED980970071F4D7 /* BandViewController.xib */; };
		004246921ED5CE830058878C /* DiscoverViewController.m in Sources */ = {isa = PBXBuildFile; fileRef = 004246911ED5CE830058878C /* DiscoverViewController.m */; };
		004246951ED5D1860058878C /* ShopViewController.m in Sources */ = {isa = PBXBuildFile; fileRef = 004246941ED5D1860058878C /* ShopViewController.m */; };
		0042469B1ED5D1B00058878C /* MessageViewController.m in Sources */ = {isa = PBXBuildFile; fileRef = 0042469A1ED5D1B00058878C /* MessageViewController.m */; };
		0042469E1ED5D1E90058878C /* XMTabBarController.m in Sources */ = {isa = PBXBuildFile; fileRef = 0042469D1ED5D1E90058878C /* XMTabBarController.m */; };
		004246A11ED5D21A0058878C /* DevieceViewController.m in Sources */ = {isa = PBXBuildFile; fileRef = 004246A01ED5D21A0058878C /* DevieceViewController.m */; };
		004246A41ED5D24D0058878C /* XMnavigationController.m in Sources */ = {isa = PBXBuildFile; fileRef = 004246A31ED5D24D0058878C /* XMnavigationController.m */; };
		0092281C1EDE7DA8007A265D /* XMSocktManager.m in Sources */ = {isa = PBXBuildFile; fileRef = 0092281B1EDE7DA8007A265D /* XMSocktManager.m */; };
		009228211EDEA8FB007A265D /* WeekModelViewControolerViewController.m in Sources */ = {isa = PBXBuildFile; fileRef = 0092281F1EDEA8FB007A265D /* WeekModelViewControolerViewController.m */; };
		009228221EDEA8FB007A265D /* WeekModelViewControolerViewController.xib in Resources */ = {isa = PBXBuildFile; fileRef = 009228201EDEA8FB007A265D /* WeekModelViewControolerViewController.xib */; };
		009228261EDEC137007A265D /* XMdatePickerView.m in Sources */ = {isa = PBXBuildFile; fileRef = 009228241EDEC137007A265D /* XMdatePickerView.m */; };
		009228271EDEC137007A265D /* XMdatePickerView.xib in Resources */ = {isa = PBXBuildFile; fileRef = 009228251EDEC137007A265D /* XMdatePickerView.xib */; };
		0092282C1EDFAA32007A265D /* WuranModeViewController.m in Sources */ = {isa = PBXBuildFile; fileRef = 0092282A1EDFAA32007A265D /* WuranModeViewController.m */; };
		0092282D1EDFAA32007A265D /* WuranModeViewController.xib in Resources */ = {isa = PBXBuildFile; fileRef = 0092282B1EDFAA32007A265D /* WuranModeViewController.xib */; };
		009228301EDFAC14007A265D /* MianButton.m in Sources */ = {isa = PBXBuildFile; fileRef = 0092282F1EDFAC14007A265D /* MianButton.m */; };
		009580731ED8255D0037377D /* LoginViewController.m in Sources */ = {isa = PBXBuildFile; fileRef = 009580711ED8255D0037377D /* LoginViewController.m */; };
		009580741ED8255D0037377D /* LoginViewController.xib in Resources */ = {isa = PBXBuildFile; fileRef = 009580721ED8255D0037377D /* LoginViewController.xib */; };
		009580791ED833DE0037377D /* RegisterViewController.m in Sources */ = {isa = PBXBuildFile; fileRef = 009580771ED833DE0037377D /* RegisterViewController.m */; };
		0095807A1ED833DE0037377D /* RegisterViewController.xib in Resources */ = {isa = PBXBuildFile; fileRef = 009580781ED833DE0037377D /* RegisterViewController.xib */; };
		0095807D1ED838D10037377D /* JKCountDownButton.m in Sources */ = {isa = PBXBuildFile; fileRef = 0095807C1ED838D10037377D /* JKCountDownButton.m */; };
		009580851ED83AC30037377D /* SVIndefiniteAnimatedView.m in Sources */ = {isa = PBXBuildFile; fileRef = 009580801ED83AC30037377D /* SVIndefiniteAnimatedView.m */; };
		009580861ED83AC30037377D /* SVProgressHUD.bundle in Resources */ = {isa = PBXBuildFile; fileRef = 009580821ED83AC30037377D /* SVProgressHUD.bundle */; };
		009580871ED83AC30037377D /* SVProgressHUD.m in Sources */ = {isa = PBXBuildFile; fileRef = 009580841ED83AC30037377D /* SVProgressHUD.m */; };
		0095808A1ED83AE60037377D /* Apputil.m in Sources */ = {isa = PBXBuildFile; fileRef = 009580891ED83AE60037377D /* Apputil.m */; };
		0095808F1ED863620037377D /* UserModel.m in Sources */ = {isa = PBXBuildFile; fileRef = 0095808E1ED863620037377D /* UserModel.m */; };
		009580921ED864830037377D /* LoginTool.m in Sources */ = {isa = PBXBuildFile; fileRef = 009580911ED864830037377D /* LoginTool.m */; };
		009580B41ED880900037377D /* MASCompositeConstraint.m in Sources */ = {isa = PBXBuildFile; fileRef = 009580951ED880900037377D /* MASCompositeConstraint.m */; };
		009580B51ED880900037377D /* MASConstraint.m in Sources */ = {isa = PBXBuildFile; fileRef = 009580981ED880900037377D /* MASConstraint.m */; };
		009580B61ED880900037377D /* MASConstraintMaker.m in Sources */ = {isa = PBXBuildFile; fileRef = 0095809A1ED880900037377D /* MASConstraintMaker.m */; };
		009580B71ED880900037377D /* MASLayoutConstraint.m in Sources */ = {isa = PBXBuildFile; fileRef = 0095809C1ED880900037377D /* MASLayoutConstraint.m */; };
		009580B81ED880900037377D /* MASViewAttribute.m in Sources */ = {isa = PBXBuildFile; fileRef = 009580A01ED880900037377D /* MASViewAttribute.m */; };
		009580B91ED880900037377D /* MASViewConstraint.m in Sources */ = {isa = PBXBuildFile; fileRef = 009580A21ED880900037377D /* MASViewConstraint.m */; };
		009580BA1ED880900037377D /* NSArray+MASAdditions.m in Sources */ = {isa = PBXBuildFile; fileRef = 009580A41ED880900037377D /* NSArray+MASAdditions.m */; };
		009580BB1ED880900037377D /* NSLayoutConstraint+MASDebugAdditions.m in Sources */ = {isa = PBXBuildFile; fileRef = 009580A71ED880900037377D /* NSLayoutConstraint+MASDebugAdditions.m */; };
		009580BC1ED880900037377D /* View+MASAdditions.m in Sources */ = {isa = PBXBuildFile; fileRef = 009580A91ED880900037377D /* View+MASAdditions.m */; };
		009580BD1ED880900037377D /* ViewController+MASAdditions.m in Sources */ = {isa = PBXBuildFile; fileRef = 009580AC1ED880900037377D /* ViewController+MASAdditions.m */; };
		009580BE1ED880900037377D /* WYNetTool.m in Sources */ = {isa = PBXBuildFile; fileRef = 009580AE1ED880900037377D /* WYNetTool.m */; };
		009580BF1ED880900037377D /* XMBaseViewController.m in Sources */ = {isa = PBXBuildFile; fileRef = 009580B01ED880900037377D /* XMBaseViewController.m */; };
		009580C01ED880900037377D /* XMSuperHelper.m in Sources */ = {isa = PBXBuildFile; fileRef = 009580B31ED880900037377D /* XMSuperHelper.m */; };
		009998941EDC07DC00FF7073 /* DevieceCell.m in Sources */ = {isa = PBXBuildFile; fileRef = 009998921EDC07DC00FF7073 /* DevieceCell.m */; };
		009998951EDC07DC00FF7073 /* DevieceCell.xib in Resources */ = {isa = PBXBuildFile; fileRef = 009998931EDC07DC00FF7073 /* DevieceCell.xib */; };
		009998A41EDC15D900FF7073 /* EnvironmentVC.m in Sources */ = {isa = PBXBuildFile; fileRef = 009998A21EDC15D900FF7073 /* EnvironmentVC.m */; };
		009998A51EDC15D900FF7073 /* EnvironmentVC.xib in Resources */ = {isa = PBXBuildFile; fileRef = 009998A31EDC15D900FF7073 /* EnvironmentVC.xib */; };
		009998A81EDC215F00FF7073 /* Provineces.plist in Resources */ = {isa = PBXBuildFile; fileRef = 009998A71EDC215F00FF7073 /* Provineces.plist */; };
		009998AB1EDC225800FF7073 /* CityChoseView.m in Sources */ = {isa = PBXBuildFile; fileRef = 009998AA1EDC225800FF7073 /* CityChoseView.m */; };
		009998AE1EDD2ADC00FF7073 /* EnviroHeaderView.m in Sources */ = {isa = PBXBuildFile; fileRef = 009998AD1EDD2ADC00FF7073 /* EnviroHeaderView.m */; };
		009998B01EDD2AF500FF7073 /* EnviroHeaderView.xib in Resources */ = {isa = PBXBuildFile; fileRef = 009998AF1EDD2AF500FF7073 /* EnviroHeaderView.xib */; };
		00F3B32A1ED3ED9800815877 /* main.m in Sources */ = {isa = PBXBuildFile; fileRef = 00F3B3291ED3ED9800815877 /* main.m */; };
		00F3B32D1ED3ED9800815877 /* AppDelegate.m in Sources */ = {isa = PBXBuildFile; fileRef = 00F3B32C1ED3ED9800815877 /* AppDelegate.m */; };
		00F3B3331ED3ED9800815877 /* Main.storyboard in Resources */ = {isa = PBXBuildFile; fileRef = 00F3B3311ED3ED9800815877 /* Main.storyboard */; };
		00F3B3351ED3ED9800815877 /* Assets.xcassets in Resources */ = {isa = PBXBuildFile; fileRef = 00F3B3341ED3ED9800815877 /* Assets.xcassets */; };
		00F3B3381ED3ED9800815877 /* LaunchScreen.storyboard in Resources */ = {isa = PBXBuildFile; fileRef = 00F3B3361ED3ED9800815877 /* LaunchScreen.storyboard */; };
		9BC21AD6302599FC42A1264F /* libPods-newBase.a in Frameworks */ = {isa = PBXBuildFile; fileRef = DF44ED77F07347801EFBF41F /* libPods-newBase.a */; };
/* End PBXBuildFile section */

/* Begin PBXFileReference section */
		001487F51ED921020071F4D7 /* ChangePasswordViewController.h */ = {isa = PBXFileReference; fileEncoding = 4; lastKnownFileType = sourcecode.c.h; path = ChangePasswordViewController.h; sourceTree = "<group>"; };
		001487F61ED921020071F4D7 /* ChangePasswordViewController.m */ = {isa = PBXFileReference; fileEncoding = 4; lastKnownFileType = sourcecode.c.objc; path = ChangePasswordViewController.m; sourceTree = "<group>"; };
		001487F71ED921020071F4D7 /* ChangePasswordViewController.xib */ = {isa = PBXFileReference; fileEncoding = 4; lastKnownFileType = file.xib; path = ChangePasswordViewController.xib; sourceTree = "<group>"; };
		001487FB1ED931410071F4D7 /* AddEquipViewController.h */ = {isa = PBXFileReference; fileEncoding = 4; lastKnownFileType = sourcecode.c.h; path = AddEquipViewController.h; sourceTree = "<group>"; };
		001487FC1ED931410071F4D7 /* AddEquipViewController.m */ = {isa = PBXFileReference; fileEncoding = 4; lastKnownFileType = sourcecode.c.objc; path = AddEquipViewController.m; sourceTree = "<group>"; };
		001487FE1ED94D9A0071F4D7 /* AddEquipCell.h */ = {isa = PBXFileReference; fileEncoding = 4; lastKnownFileType = sourcecode.c.h; path = AddEquipCell.h; sourceTree = "<group>"; };
		001487FF1ED94D9A0071F4D7 /* AddEquipCell.m */ = {isa = PBXFileReference; fileEncoding = 4; lastKnownFileType = sourcecode.c.objc; path = AddEquipCell.m; sourceTree = "<group>"; };
		001488001ED94D9A0071F4D7 /* AddEquipCell.xib */ = {isa = PBXFileReference; fileEncoding = 4; lastKnownFileType = file.xib; path = AddEquipCell.xib; sourceTree = "<group>"; };
		001488031ED94E5B0071F4D7 /* EquipCollectionReusableView.h */ = {isa = PBXFileReference; fileEncoding = 4; lastKnownFileType = sourcecode.c.h; path = EquipCollectionReusableView.h; sourceTree = "<group>"; };
		001488041ED94E5B0071F4D7 /* EquipCollectionReusableView.m */ = {isa = PBXFileReference; fileEncoding = 4; lastKnownFileType = sourcecode.c.objc; path = EquipCollectionReusableView.m; sourceTree = "<group>"; };
		001488051ED94E5B0071F4D7 /* EquipCollectionReusableView.xib */ = {isa = PBXFileReference; fileEncoding = 4; lastKnownFileType = file.xib; path = EquipCollectionReusableView.xib; sourceTree = "<group>"; };
		001488091ED955870071F4D7 /* EquipDetailViewController.h */ = {isa = PBXFileReference; fileEncoding = 4; lastKnownFileType = sourcecode.c.h; path = EquipDetailViewController.h; sourceTree = "<group>"; };
		0014880A1ED955870071F4D7 /* EquipDetailViewController.m */ = {isa = PBXFileReference; fileEncoding = 4; lastKnownFileType = sourcecode.c.objc; path = EquipDetailViewController.m; sourceTree = "<group>"; };
		0014880B1ED955870071F4D7 /* EquipDetailViewController.xib */ = {isa = PBXFileReference; fileEncoding = 4; lastKnownFileType = file.xib; path = EquipDetailViewController.xib; sourceTree = "<group>"; };
		0014880F1ED980970071F4D7 /* BandViewController.h */ = {isa = PBXFileReference; fileEncoding = 4; lastKnownFileType = sourcecode.c.h; path = BandViewController.h; sourceTree = "<group>"; };
		001488101ED980970071F4D7 /* BandViewController.m */ = {isa = PBXFileReference; fileEncoding = 4; lastKnownFileType = sourcecode.c.objc; path = BandViewController.m; sourceTree = "<group>"; };
		001488111ED980970071F4D7 /* BandViewController.xib */ = {isa = PBXFileReference; fileEncoding = 4; lastKnownFileType = file.xib; path = BandViewController.xib; sourceTree = "<group>"; };
		004246231ED5C4F40058878C /* PrefixHeader.pch */ = {isa = PBXFileReference; lastKnownFileType = sourcecode.c.h; path = PrefixHeader.pch; sourceTree = "<group>"; };
		004246901ED5CE830058878C /* DiscoverViewController.h */ = {isa = PBXFileReference; fileEncoding = 4; lastKnownFileType = sourcecode.c.h; path = DiscoverViewController.h; sourceTree = "<group>"; };
		004246911ED5CE830058878C /* DiscoverViewController.m */ = {isa = PBXFileReference; fileEncoding = 4; lastKnownFileType = sourcecode.c.objc; path = DiscoverViewController.m; sourceTree = "<group>"; };
		004246931ED5D1860058878C /* ShopViewController.h */ = {isa = PBXFileReference; fileEncoding = 4; lastKnownFileType = sourcecode.c.h; path = ShopViewController.h; sourceTree = "<group>"; };
		004246941ED5D1860058878C /* ShopViewController.m */ = {isa = PBXFileReference; fileEncoding = 4; lastKnownFileType = sourcecode.c.objc; path = ShopViewController.m; sourceTree = "<group>"; };
		004246991ED5D1B00058878C /* MessageViewController.h */ = {isa = PBXFileReference; fileEncoding = 4; lastKnownFileType = sourcecode.c.h; path = MessageViewController.h; sourceTree = "<group>"; };
		0042469A1ED5D1B00058878C /* MessageViewController.m */ = {isa = PBXFileReference; fileEncoding = 4; lastKnownFileType = sourcecode.c.objc; path = MessageViewController.m; sourceTree = "<group>"; };
		0042469C1ED5D1E90058878C /* XMTabBarController.h */ = {isa = PBXFileReference; fileEncoding = 4; lastKnownFileType = sourcecode.c.h; path = XMTabBarController.h; sourceTree = "<group>"; };
		0042469D1ED5D1E90058878C /* XMTabBarController.m */ = {isa = PBXFileReference; fileEncoding = 4; lastKnownFileType = sourcecode.c.objc; path = XMTabBarController.m; sourceTree = "<group>"; };
		0042469F1ED5D21A0058878C /* DevieceViewController.h */ = {isa = PBXFileReference; fileEncoding = 4; lastKnownFileType = sourcecode.c.h; path = DevieceViewController.h; sourceTree = "<group>"; };
		004246A01ED5D21A0058878C /* DevieceViewController.m */ = {isa = PBXFileReference; fileEncoding = 4; lastKnownFileType = sourcecode.c.objc; path = DevieceViewController.m; sourceTree = "<group>"; };
		004246A21ED5D24D0058878C /* XMnavigationController.h */ = {isa = PBXFileReference; fileEncoding = 4; lastKnownFileType = sourcecode.c.h; path = XMnavigationController.h; sourceTree = "<group>"; };
		004246A31ED5D24D0058878C /* XMnavigationController.m */ = {isa = PBXFileReference; fileEncoding = 4; lastKnownFileType = sourcecode.c.objc; path = XMnavigationController.m; sourceTree = "<group>"; };
		0092281A1EDE7DA8007A265D /* XMSocktManager.h */ = {isa = PBXFileReference; fileEncoding = 4; lastKnownFileType = sourcecode.c.h; path = XMSocktManager.h; sourceTree = "<group>"; };
		0092281B1EDE7DA8007A265D /* XMSocktManager.m */ = {isa = PBXFileReference; fileEncoding = 4; lastKnownFileType = sourcecode.c.objc; path = XMSocktManager.m; sourceTree = "<group>"; };
		0092281E1EDEA8FB007A265D /* WeekModelViewControolerViewController.h */ = {isa = PBXFileReference; fileEncoding = 4; lastKnownFileType = sourcecode.c.h; path = WeekModelViewControolerViewController.h; sourceTree = "<group>"; };
		0092281F1EDEA8FB007A265D /* WeekModelViewControolerViewController.m */ = {isa = PBXFileReference; fileEncoding = 4; lastKnownFileType = sourcecode.c.objc; path = WeekModelViewControolerViewController.m; sourceTree = "<group>"; };
		009228201EDEA8FB007A265D /* WeekModelViewControolerViewController.xib */ = {isa = PBXFileReference; fileEncoding = 4; lastKnownFileType = file.xib; path = WeekModelViewControolerViewController.xib; sourceTree = "<group>"; };
		009228231EDEC137007A265D /* XMdatePickerView.h */ = {isa = PBXFileReference; fileEncoding = 4; lastKnownFileType = sourcecode.c.h; path = XMdatePickerView.h; sourceTree = "<group>"; };
		009228241EDEC137007A265D /* XMdatePickerView.m */ = {isa = PBXFileReference; fileEncoding = 4; lastKnownFileType = sourcecode.c.objc; path = XMdatePickerView.m; sourceTree = "<group>"; };
		009228251EDEC137007A265D /* XMdatePickerView.xib */ = {isa = PBXFileReference; fileEncoding = 4; lastKnownFileType = file.xib; path = XMdatePickerView.xib; sourceTree = "<group>"; };
		009228291EDFAA32007A265D /* WuranModeViewController.h */ = {isa = PBXFileReference; fileEncoding = 4; lastKnownFileType = sourcecode.c.h; path = WuranModeViewController.h; sourceTree = "<group>"; };
		0092282A1EDFAA32007A265D /* WuranModeViewController.m */ = {isa = PBXFileReference; fileEncoding = 4; lastKnownFileType = sourcecode.c.objc; path = WuranModeViewController.m; sourceTree = "<group>"; };
		0092282B1EDFAA32007A265D /* WuranModeViewController.xib */ = {isa = PBXFileReference; fileEncoding = 4; lastKnownFileType = file.xib; path = WuranModeViewController.xib; sourceTree = "<group>"; };
		0092282E1EDFAC14007A265D /* MianButton.h */ = {isa = PBXFileReference; fileEncoding = 4; lastKnownFileType = sourcecode.c.h; path = MianButton.h; sourceTree = "<group>"; };
		0092282F1EDFAC14007A265D /* MianButton.m */ = {isa = PBXFileReference; fileEncoding = 4; lastKnownFileType = sourcecode.c.objc; path = MianButton.m; sourceTree = "<group>"; };
		009580701ED8255D0037377D /* LoginViewController.h */ = {isa = PBXFileReference; fileEncoding = 4; lastKnownFileType = sourcecode.c.h; path = LoginViewController.h; sourceTree = "<group>"; };
		009580711ED8255D0037377D /* LoginViewController.m */ = {isa = PBXFileReference; fileEncoding = 4; lastKnownFileType = sourcecode.c.objc; path = LoginViewController.m; sourceTree = "<group>"; };
		009580721ED8255D0037377D /* LoginViewController.xib */ = {isa = PBXFileReference; fileEncoding = 4; lastKnownFileType = file.xib; path = LoginViewController.xib; sourceTree = "<group>"; };
		009580761ED833DE0037377D /* RegisterViewController.h */ = {isa = PBXFileReference; fileEncoding = 4; lastKnownFileType = sourcecode.c.h; path = RegisterViewController.h; sourceTree = "<group>"; };
		009580771ED833DE0037377D /* RegisterViewController.m */ = {isa = PBXFileReference; fileEncoding = 4; lastKnownFileType = sourcecode.c.objc; path = RegisterViewController.m; sourceTree = "<group>"; };
		009580781ED833DE0037377D /* RegisterViewController.xib */ = {isa = PBXFileReference; fileEncoding = 4; lastKnownFileType = file.xib; path = RegisterViewController.xib; sourceTree = "<group>"; };
		0095807B1ED838D10037377D /* JKCountDownButton.h */ = {isa = PBXFileReference; fileEncoding = 4; lastKnownFileType = sourcecode.c.h; path = JKCountDownButton.h; sourceTree = "<group>"; };
		0095807C1ED838D10037377D /* JKCountDownButton.m */ = {isa = PBXFileReference; fileEncoding = 4; lastKnownFileType = sourcecode.c.objc; path = JKCountDownButton.m; sourceTree = "<group>"; };
		0095807F1ED83AC30037377D /* SVIndefiniteAnimatedView.h */ = {isa = PBXFileReference; fileEncoding = 4; lastKnownFileType = sourcecode.c.h; path = SVIndefiniteAnimatedView.h; sourceTree = "<group>"; };
		009580801ED83AC30037377D /* SVIndefiniteAnimatedView.m */ = {isa = PBXFileReference; fileEncoding = 4; lastKnownFileType = sourcecode.c.objc; path = SVIndefiniteAnimatedView.m; sourceTree = "<group>"; };
		009580811ED83AC30037377D /* SVProgressHUD-Prefix.pch */ = {isa = PBXFileReference; fileEncoding = 4; lastKnownFileType = sourcecode.c.h; path = "SVProgressHUD-Prefix.pch"; sourceTree = "<group>"; };
		009580821ED83AC30037377D /* SVProgressHUD.bundle */ = {isa = PBXFileReference; lastKnownFileType = "wrapper.plug-in"; path = SVProgressHUD.bundle; sourceTree = "<group>"; };
		009580831ED83AC30037377D /* SVProgressHUD.h */ = {isa = PBXFileReference; fileEncoding = 4; lastKnownFileType = sourcecode.c.h; path = SVProgressHUD.h; sourceTree = "<group>"; };
		009580841ED83AC30037377D /* SVProgressHUD.m */ = {isa = PBXFileReference; fileEncoding = 4; lastKnownFileType = sourcecode.c.objc; path = SVProgressHUD.m; sourceTree = "<group>"; };
		009580881ED83AE60037377D /* Apputil.h */ = {isa = PBXFileReference; fileEncoding = 4; lastKnownFileType = sourcecode.c.h; path = Apputil.h; sourceTree = "<group>"; };
		009580891ED83AE60037377D /* Apputil.m */ = {isa = PBXFileReference; fileEncoding = 4; lastKnownFileType = sourcecode.c.objc; path = Apputil.m; sourceTree = "<group>"; };
		0095808C1ED83E800037377D /* ServiceUrl.h */ = {isa = PBXFileReference; lastKnownFileType = sourcecode.c.h; path = ServiceUrl.h; sourceTree = "<group>"; };
		0095808D1ED863620037377D /* UserModel.h */ = {isa = PBXFileReference; fileEncoding = 4; lastKnownFileType = sourcecode.c.h; path = UserModel.h; sourceTree = "<group>"; };
		0095808E1ED863620037377D /* UserModel.m */ = {isa = PBXFileReference; fileEncoding = 4; lastKnownFileType = sourcecode.c.objc; path = UserModel.m; sourceTree = "<group>"; };
		009580901ED864830037377D /* LoginTool.h */ = {isa = PBXFileReference; fileEncoding = 4; lastKnownFileType = sourcecode.c.h; path = LoginTool.h; sourceTree = "<group>"; };
		009580911ED864830037377D /* LoginTool.m */ = {isa = PBXFileReference; fileEncoding = 4; lastKnownFileType = sourcecode.c.objc; path = LoginTool.m; sourceTree = "<group>"; };
		009580941ED880900037377D /* MASCompositeConstraint.h */ = {isa = PBXFileReference; fileEncoding = 4; lastKnownFileType = sourcecode.c.h; path = MASCompositeConstraint.h; sourceTree = "<group>"; };
		009580951ED880900037377D /* MASCompositeConstraint.m */ = {isa = PBXFileReference; fileEncoding = 4; lastKnownFileType = sourcecode.c.objc; path = MASCompositeConstraint.m; sourceTree = "<group>"; };
		009580961ED880900037377D /* MASConstraint+Private.h */ = {isa = PBXFileReference; fileEncoding = 4; lastKnownFileType = sourcecode.c.h; path = "MASConstraint+Private.h"; sourceTree = "<group>"; };
		009580971ED880900037377D /* MASConstraint.h */ = {isa = PBXFileReference; fileEncoding = 4; lastKnownFileType = sourcecode.c.h; path = MASConstraint.h; sourceTree = "<group>"; };
		009580981ED880900037377D /* MASConstraint.m */ = {isa = PBXFileReference; fileEncoding = 4; lastKnownFileType = sourcecode.c.objc; path = MASConstraint.m; sourceTree = "<group>"; };
		009580991ED880900037377D /* MASConstraintMaker.h */ = {isa = PBXFileReference; fileEncoding = 4; lastKnownFileType = sourcecode.c.h; path = MASConstraintMaker.h; sourceTree = "<group>"; };
		0095809A1ED880900037377D /* MASConstraintMaker.m */ = {isa = PBXFileReference; fileEncoding = 4; lastKnownFileType = sourcecode.c.objc; path = MASConstraintMaker.m; sourceTree = "<group>"; };
		0095809B1ED880900037377D /* MASLayoutConstraint.h */ = {isa = PBXFileReference; fileEncoding = 4; lastKnownFileType = sourcecode.c.h; path = MASLayoutConstraint.h; sourceTree = "<group>"; };
		0095809C1ED880900037377D /* MASLayoutConstraint.m */ = {isa = PBXFileReference; fileEncoding = 4; lastKnownFileType = sourcecode.c.objc; path = MASLayoutConstraint.m; sourceTree = "<group>"; };
		0095809D1ED880900037377D /* Masonry.h */ = {isa = PBXFileReference; fileEncoding = 4; lastKnownFileType = sourcecode.c.h; path = Masonry.h; sourceTree = "<group>"; };
		0095809E1ED880900037377D /* MASUtilities.h */ = {isa = PBXFileReference; fileEncoding = 4; lastKnownFileType = sourcecode.c.h; path = MASUtilities.h; sourceTree = "<group>"; };
		0095809F1ED880900037377D /* MASViewAttribute.h */ = {isa = PBXFileReference; fileEncoding = 4; lastKnownFileType = sourcecode.c.h; path = MASViewAttribute.h; sourceTree = "<group>"; };
		009580A01ED880900037377D /* MASViewAttribute.m */ = {isa = PBXFileReference; fileEncoding = 4; lastKnownFileType = sourcecode.c.objc; path = MASViewAttribute.m; sourceTree = "<group>"; };
		009580A11ED880900037377D /* MASViewConstraint.h */ = {isa = PBXFileReference; fileEncoding = 4; lastKnownFileType = sourcecode.c.h; path = MASViewConstraint.h; sourceTree = "<group>"; };
		009580A21ED880900037377D /* MASViewConstraint.m */ = {isa = PBXFileReference; fileEncoding = 4; lastKnownFileType = sourcecode.c.objc; path = MASViewConstraint.m; sourceTree = "<group>"; };
		009580A31ED880900037377D /* NSArray+MASAdditions.h */ = {isa = PBXFileReference; fileEncoding = 4; lastKnownFileType = sourcecode.c.h; path = "NSArray+MASAdditions.h"; sourceTree = "<group>"; };
		009580A41ED880900037377D /* NSArray+MASAdditions.m */ = {isa = PBXFileReference; fileEncoding = 4; lastKnownFileType = sourcecode.c.objc; path = "NSArray+MASAdditions.m"; sourceTree = "<group>"; };
		009580A51ED880900037377D /* NSArray+MASShorthandAdditions.h */ = {isa = PBXFileReference; fileEncoding = 4; lastKnownFileType = sourcecode.c.h; path = "NSArray+MASShorthandAdditions.h"; sourceTree = "<group>"; };
		009580A61ED880900037377D /* NSLayoutConstraint+MASDebugAdditions.h */ = {isa = PBXFileReference; fileEncoding = 4; lastKnownFileType = sourcecode.c.h; path = "NSLayoutConstraint+MASDebugAdditions.h"; sourceTree = "<group>"; };
		009580A71ED880900037377D /* NSLayoutConstraint+MASDebugAdditions.m */ = {isa = PBXFileReference; fileEncoding = 4; lastKnownFileType = sourcecode.c.objc; path = "NSLayoutConstraint+MASDebugAdditions.m"; sourceTree = "<group>"; };
		009580A81ED880900037377D /* View+MASAdditions.h */ = {isa = PBXFileReference; fileEncoding = 4; lastKnownFileType = sourcecode.c.h; path = "View+MASAdditions.h"; sourceTree = "<group>"; };
		009580A91ED880900037377D /* View+MASAdditions.m */ = {isa = PBXFileReference; fileEncoding = 4; lastKnownFileType = sourcecode.c.objc; path = "View+MASAdditions.m"; sourceTree = "<group>"; };
		009580AA1ED880900037377D /* View+MASShorthandAdditions.h */ = {isa = PBXFileReference; fileEncoding = 4; lastKnownFileType = sourcecode.c.h; path = "View+MASShorthandAdditions.h"; sourceTree = "<group>"; };
		009580AB1ED880900037377D /* ViewController+MASAdditions.h */ = {isa = PBXFileReference; fileEncoding = 4; lastKnownFileType = sourcecode.c.h; path = "ViewController+MASAdditions.h"; sourceTree = "<group>"; };
		009580AC1ED880900037377D /* ViewController+MASAdditions.m */ = {isa = PBXFileReference; fileEncoding = 4; lastKnownFileType = sourcecode.c.objc; path = "ViewController+MASAdditions.m"; sourceTree = "<group>"; };
		009580AD1ED880900037377D /* WYNetTool.h */ = {isa = PBXFileReference; fileEncoding = 4; lastKnownFileType = sourcecode.c.h; path = WYNetTool.h; sourceTree = "<group>"; };
		009580AE1ED880900037377D /* WYNetTool.m */ = {isa = PBXFileReference; fileEncoding = 4; lastKnownFileType = sourcecode.c.objc; path = WYNetTool.m; sourceTree = "<group>"; };
		009580AF1ED880900037377D /* XMBaseViewController.h */ = {isa = PBXFileReference; fileEncoding = 4; lastKnownFileType = sourcecode.c.h; path = XMBaseViewController.h; sourceTree = "<group>"; };
		009580B01ED880900037377D /* XMBaseViewController.m */ = {isa = PBXFileReference; fileEncoding = 4; lastKnownFileType = sourcecode.c.objc; path = XMBaseViewController.m; sourceTree = "<group>"; };
		009580B11ED880900037377D /* XMHeaderFile.h */ = {isa = PBXFileReference; fileEncoding = 4; lastKnownFileType = sourcecode.c.h; path = XMHeaderFile.h; sourceTree = "<group>"; };
		009580B21ED880900037377D /* XMSuperHelper.h */ = {isa = PBXFileReference; fileEncoding = 4; lastKnownFileType = sourcecode.c.h; path = XMSuperHelper.h; sourceTree = "<group>"; };
		009580B31ED880900037377D /* XMSuperHelper.m */ = {isa = PBXFileReference; fileEncoding = 4; lastKnownFileType = sourcecode.c.objc; path = XMSuperHelper.m; sourceTree = "<group>"; };
		009998911EDC07DC00FF7073 /* DevieceCell.h */ = {isa = PBXFileReference; fileEncoding = 4; lastKnownFileType = sourcecode.c.h; path = DevieceCell.h; sourceTree = "<group>"; };
		009998921EDC07DC00FF7073 /* DevieceCell.m */ = {isa = PBXFileReference; fileEncoding = 4; lastKnownFileType = sourcecode.c.objc; path = DevieceCell.m; sourceTree = "<group>"; };
		009998931EDC07DC00FF7073 /* DevieceCell.xib */ = {isa = PBXFileReference; fileEncoding = 4; lastKnownFileType = file.xib; path = DevieceCell.xib; sourceTree = "<group>"; };
		009998A11EDC15D900FF7073 /* EnvironmentVC.h */ = {isa = PBXFileReference; fileEncoding = 4; lastKnownFileType = sourcecode.c.h; path = EnvironmentVC.h; sourceTree = "<group>"; };
		009998A21EDC15D900FF7073 /* EnvironmentVC.m */ = {isa = PBXFileReference; fileEncoding = 4; lastKnownFileType = sourcecode.c.objc; path = EnvironmentVC.m; sourceTree = "<group>"; };
		009998A31EDC15D900FF7073 /* EnvironmentVC.xib */ = {isa = PBXFileReference; fileEncoding = 4; lastKnownFileType = file.xib; path = EnvironmentVC.xib; sourceTree = "<group>"; };
		009998A71EDC215F00FF7073 /* Provineces.plist */ = {isa = PBXFileReference; fileEncoding = 4; lastKnownFileType = text.plist.xml; path = Provineces.plist; sourceTree = "<group>"; };
		009998A91EDC225800FF7073 /* CityChoseView.h */ = {isa = PBXFileReference; fileEncoding = 4; lastKnownFileType = sourcecode.c.h; path = CityChoseView.h; sourceTree = "<group>"; };
		009998AA1EDC225800FF7073 /* CityChoseView.m */ = {isa = PBXFileReference; fileEncoding = 4; lastKnownFileType = sourcecode.c.objc; path = CityChoseView.m; sourceTree = "<group>"; };
		009998AC1EDD2ADC00FF7073 /* EnviroHeaderView.h */ = {isa = PBXFileReference; fileEncoding = 4; lastKnownFileType = sourcecode.c.h; path = EnviroHeaderView.h; sourceTree = "<group>"; };
		009998AD1EDD2ADC00FF7073 /* EnviroHeaderView.m */ = {isa = PBXFileReference; fileEncoding = 4; lastKnownFileType = sourcecode.c.objc; path = EnviroHeaderView.m; sourceTree = "<group>"; };
		009998AF1EDD2AF500FF7073 /* EnviroHeaderView.xib */ = {isa = PBXFileReference; fileEncoding = 4; lastKnownFileType = file.xib; path = EnviroHeaderView.xib; sourceTree = "<group>"; };
		00F3B3251ED3ED9800815877 /* newBase.app */ = {isa = PBXFileReference; explicitFileType = wrapper.application; includeInIndex = 0; path = newBase.app; sourceTree = BUILT_PRODUCTS_DIR; };
		00F3B3291ED3ED9800815877 /* main.m */ = {isa = PBXFileReference; lastKnownFileType = sourcecode.c.objc; path = main.m; sourceTree = "<group>"; };
		00F3B32B1ED3ED9800815877 /* AppDelegate.h */ = {isa = PBXFileReference; lastKnownFileType = sourcecode.c.h; path = AppDelegate.h; sourceTree = "<group>"; };
		00F3B32C1ED3ED9800815877 /* AppDelegate.m */ = {isa = PBXFileReference; lastKnownFileType = sourcecode.c.objc; path = AppDelegate.m; sourceTree = "<group>"; };
		00F3B3321ED3ED9800815877 /* Base */ = {isa = PBXFileReference; lastKnownFileType = file.storyboard; name = Base; path = Base.lproj/Main.storyboard; sourceTree = "<group>"; };
		00F3B3341ED3ED9800815877 /* Assets.xcassets */ = {isa = PBXFileReference; lastKnownFileType = folder.assetcatalog; path = Assets.xcassets; sourceTree = "<group>"; };
		00F3B3371ED3ED9800815877 /* Base */ = {isa = PBXFileReference; lastKnownFileType = file.storyboard; name = Base; path = Base.lproj/LaunchScreen.storyboard; sourceTree = "<group>"; };
		00F3B3391ED3ED9800815877 /* Info.plist */ = {isa = PBXFileReference; lastKnownFileType = text.plist.xml; path = Info.plist; sourceTree = "<group>"; };
		6645DE2A72BEF547F43A758F /* Pods-newBase.release.xcconfig */ = {isa = PBXFileReference; includeInIndex = 1; lastKnownFileType = text.xcconfig; name = "Pods-newBase.release.xcconfig"; path = "Pods/Target Support Files/Pods-newBase/Pods-newBase.release.xcconfig"; sourceTree = "<group>"; };
		DADB3C66595C2661B4D4C168 /* Pods-newBase.debug.xcconfig */ = {isa = PBXFileReference; includeInIndex = 1; lastKnownFileType = text.xcconfig; name = "Pods-newBase.debug.xcconfig"; path = "Pods/Target Support Files/Pods-newBase/Pods-newBase.debug.xcconfig"; sourceTree = "<group>"; };
		DF44ED77F07347801EFBF41F /* libPods-newBase.a */ = {isa = PBXFileReference; explicitFileType = archive.ar; includeInIndex = 0; path = "libPods-newBase.a"; sourceTree = BUILT_PRODUCTS_DIR; };
/* End PBXFileReference section */

/* Begin PBXFrameworksBuildPhase section */
		00F3B3221ED3ED9800815877 /* Frameworks */ = {
			isa = PBXFrameworksBuildPhase;
			buildActionMask = 2147483647;
			files = (
				9BC21AD6302599FC42A1264F /* libPods-newBase.a in Frameworks */,
			);
			runOnlyForDeploymentPostprocessing = 0;
		};
/* End PBXFrameworksBuildPhase section */

/* Begin PBXGroup section */
		001487F41ED920D20071F4D7 /* 修改密码 */ = {
			isa = PBXGroup;
			children = (
				001487F51ED921020071F4D7 /* ChangePasswordViewController.h */,
				001487F61ED921020071F4D7 /* ChangePasswordViewController.m */,
				001487F71ED921020071F4D7 /* ChangePasswordViewController.xib */,
			);
			path = "修改密码";
			sourceTree = "<group>";
		};
		001487FA1ED9312B0071F4D7 /* 添加设备 */ = {
			isa = PBXGroup;
			children = (
				001488081ED9556C0071F4D7 /* 设备详情 */,
				001487FB1ED931410071F4D7 /* AddEquipViewController.h */,
				001487FC1ED931410071F4D7 /* AddEquipViewController.m */,
				001487FE1ED94D9A0071F4D7 /* AddEquipCell.h */,
				001487FF1ED94D9A0071F4D7 /* AddEquipCell.m */,
				001488001ED94D9A0071F4D7 /* AddEquipCell.xib */,
				001488031ED94E5B0071F4D7 /* EquipCollectionReusableView.h */,
				001488041ED94E5B0071F4D7 /* EquipCollectionReusableView.m */,
				001488051ED94E5B0071F4D7 /* EquipCollectionReusableView.xib */,
			);
			path = "添加设备";
			sourceTree = "<group>";
		};
		001488081ED9556C0071F4D7 /* 设备详情 */ = {
			isa = PBXGroup;
			children = (
				0014880E1ED980810071F4D7 /* 绑定 */,
				001488091ED955870071F4D7 /* EquipDetailViewController.h */,
				0014880A1ED955870071F4D7 /* EquipDetailViewController.m */,
				0014880B1ED955870071F4D7 /* EquipDetailViewController.xib */,
			);
			path = "设备详情";
			sourceTree = "<group>";
		};
		0014880E1ED980810071F4D7 /* 绑定 */ = {
			isa = PBXGroup;
			children = (
				0014880F1ED980970071F4D7 /* BandViewController.h */,
				001488101ED980970071F4D7 /* BandViewController.m */,
				001488111ED980970071F4D7 /* BandViewController.xib */,
			);
			path = "绑定";
			sourceTree = "<group>";
		};
		004246241ED5C6D90058878C /* Classes */ = {
			isa = PBXGroup;
			children = (
				001487F41ED920D20071F4D7 /* 修改密码 */,
				009580751ED8296F0037377D /* 注册 */,
				0095806F1ED825430037377D /* 登陆 */,
				0042468B1ED5CDCC0058878C /* 发现 */,
				0042468C1ED5CDCC0058878C /* 商场 */,
				0042468D1ED5CDCC0058878C /* 设备 */,
				0042468E1ED5CDCC0058878C /* 消息 */,
				0042468F1ED5CDCC0058878C /* Mian */,
			);
			path = Classes;
			sourceTree = "<group>";
		};
		0042465A1ED5C8BB0058878C /* lib */ = {
			isa = PBXGroup;
			children = (
				0095807E1ED83AC30037377D /* SVProgressHUD */,
				0095807B1ED838D10037377D /* JKCountDownButton.h */,
				0095807C1ED838D10037377D /* JKCountDownButton.m */,
			);
			path = lib;
			sourceTree = "<group>";
		};
		0042465B1ED5C8BB0058878C /* Tool */ = {
			isa = PBXGroup;
			children = (
				009580931ED880900037377D /* Masonry */,
				009580AD1ED880900037377D /* WYNetTool.h */,
				009580AE1ED880900037377D /* WYNetTool.m */,
				009580AF1ED880900037377D /* XMBaseViewController.h */,
				009580B01ED880900037377D /* XMBaseViewController.m */,
				009580B11ED880900037377D /* XMHeaderFile.h */,
				009580B21ED880900037377D /* XMSuperHelper.h */,
				009580B31ED880900037377D /* XMSuperHelper.m */,
				009580881ED83AE60037377D /* Apputil.h */,
				009580891ED83AE60037377D /* Apputil.m */,
				0092281A1EDE7DA8007A265D /* XMSocktManager.h */,
				0092281B1EDE7DA8007A265D /* XMSocktManager.m */,
			);
			path = Tool;
			sourceTree = "<group>";
		};
		0042468B1ED5CDCC0058878C /* 发现 */ = {
			isa = PBXGroup;
			children = (
				004246901ED5CE830058878C /* DiscoverViewController.h */,
				004246911ED5CE830058878C /* DiscoverViewController.m */,
			);
			path = "发现";
			sourceTree = "<group>";
		};
		0042468C1ED5CDCC0058878C /* 商场 */ = {
			isa = PBXGroup;
			children = (
				004246931ED5D1860058878C /* ShopViewController.h */,
				004246941ED5D1860058878C /* ShopViewController.m */,
			);
			path = "商场";
			sourceTree = "<group>";
		};
		0042468D1ED5CDCC0058878C /* 设备 */ = {
			isa = PBXGroup;
			children = (
				009998961EDC0B6C00FF7073 /* 环境监测 */,
				001487FA1ED9312B0071F4D7 /* 添加设备 */,
				0042469F1ED5D21A0058878C /* DevieceViewController.h */,
				004246A01ED5D21A0058878C /* DevieceViewController.m */,
				009998911EDC07DC00FF7073 /* DevieceCell.h */,
				009998921EDC07DC00FF7073 /* DevieceCell.m */,
				009998931EDC07DC00FF7073 /* DevieceCell.xib */,
			);
			path = "设备";
			sourceTree = "<group>";
		};
		0042468E1ED5CDCC0058878C /* 消息 */ = {
			isa = PBXGroup;
			children = (
				004246991ED5D1B00058878C /* MessageViewController.h */,
				0042469A1ED5D1B00058878C /* MessageViewController.m */,
			);
			path = "消息";
			sourceTree = "<group>";
		};
		0042468F1ED5CDCC0058878C /* Mian */ = {
			isa = PBXGroup;
			children = (
				004246A21ED5D24D0058878C /* XMnavigationController.h */,
				004246A31ED5D24D0058878C /* XMnavigationController.m */,
				0042469C1ED5D1E90058878C /* XMTabBarController.h */,
				0042469D1ED5D1E90058878C /* XMTabBarController.m */,
				0092282E1EDFAC14007A265D /* MianButton.h */,
				0092282F1EDFAC14007A265D /* MianButton.m */,
			);
			path = Mian;
			sourceTree = "<group>";
		};
		0092281D1EDEA8A9007A265D /* 儿童周末模式 */ = {
			isa = PBXGroup;
			children = (
				009228231EDEC137007A265D /* XMdatePickerView.h */,
				009228241EDEC137007A265D /* XMdatePickerView.m */,
				009228251EDEC137007A265D /* XMdatePickerView.xib */,
				0092281E1EDEA8FB007A265D /* WeekModelViewControolerViewController.h */,
				0092281F1EDEA8FB007A265D /* WeekModelViewControolerViewController.m */,
				009228201EDEA8FB007A265D /* WeekModelViewControolerViewController.xib */,
			);
			path = "儿童周末模式";
			sourceTree = "<group>";
		};
		009228281EDFA9F6007A265D /* 污染模式 */ = {
			isa = PBXGroup;
			children = (
				009228291EDFAA32007A265D /* WuranModeViewController.h */,
				0092282A1EDFAA32007A265D /* WuranModeViewController.m */,
				0092282B1EDFAA32007A265D /* WuranModeViewController.xib */,
			);
			path = "污染模式";
			sourceTree = "<group>";
		};
		0095806F1ED825430037377D /* 登陆 */ = {
			isa = PBXGroup;
			children = (
				009580701ED8255D0037377D /* LoginViewController.h */,
				009580711ED8255D0037377D /* LoginViewController.m */,
				009580721ED8255D0037377D /* LoginViewController.xib */,
				0095808D1ED863620037377D /* UserModel.h */,
				0095808E1ED863620037377D /* UserModel.m */,
				009580901ED864830037377D /* LoginTool.h */,
				009580911ED864830037377D /* LoginTool.m */,
			);
			path = "登陆";
			sourceTree = "<group>";
		};
		009580751ED8296F0037377D /* 注册 */ = {
			isa = PBXGroup;
			children = (
				009580761ED833DE0037377D /* RegisterViewController.h */,
				009580771ED833DE0037377D /* RegisterViewController.m */,
				009580781ED833DE0037377D /* RegisterViewController.xib */,
			);
			path = "注册";
			sourceTree = "<group>";
		};
		0095807E1ED83AC30037377D /* SVProgressHUD */ = {
			isa = PBXGroup;
			children = (
				0095807F1ED83AC30037377D /* SVIndefiniteAnimatedView.h */,
				009580801ED83AC30037377D /* SVIndefiniteAnimatedView.m */,
				009580811ED83AC30037377D /* SVProgressHUD-Prefix.pch */,
				009580821ED83AC30037377D /* SVProgressHUD.bundle */,
				009580831ED83AC30037377D /* SVProgressHUD.h */,
				009580841ED83AC30037377D /* SVProgressHUD.m */,
			);
			path = SVProgressHUD;
			sourceTree = "<group>";
		};
		009580931ED880900037377D /* Masonry */ = {
			isa = PBXGroup;
			children = (
				009580941ED880900037377D /* MASCompositeConstraint.h */,
				009580951ED880900037377D /* MASCompositeConstraint.m */,
				009580961ED880900037377D /* MASConstraint+Private.h */,
				009580971ED880900037377D /* MASConstraint.h */,
				009580981ED880900037377D /* MASConstraint.m */,
				009580991ED880900037377D /* MASConstraintMaker.h */,
				0095809A1ED880900037377D /* MASConstraintMaker.m */,
				0095809B1ED880900037377D /* MASLayoutConstraint.h */,
				0095809C1ED880900037377D /* MASLayoutConstraint.m */,
				0095809D1ED880900037377D /* Masonry.h */,
				0095809E1ED880900037377D /* MASUtilities.h */,
				0095809F1ED880900037377D /* MASViewAttribute.h */,
				009580A01ED880900037377D /* MASViewAttribute.m */,
				009580A11ED880900037377D /* MASViewConstraint.h */,
				009580A21ED880900037377D /* MASViewConstraint.m */,
				009580A31ED880900037377D /* NSArray+MASAdditions.h */,
				009580A41ED880900037377D /* NSArray+MASAdditions.m */,
				009580A51ED880900037377D /* NSArray+MASShorthandAdditions.h */,
				009580A61ED880900037377D /* NSLayoutConstraint+MASDebugAdditions.h */,
				009580A71ED880900037377D /* NSLayoutConstraint+MASDebugAdditions.m */,
				009580A81ED880900037377D /* View+MASAdditions.h */,
				009580A91ED880900037377D /* View+MASAdditions.m */,
				009580AA1ED880900037377D /* View+MASShorthandAdditions.h */,
				009580AB1ED880900037377D /* ViewController+MASAdditions.h */,
				009580AC1ED880900037377D /* ViewController+MASAdditions.m */,
			);
			path = Masonry;
			sourceTree = "<group>";
		};
		009998961EDC0B6C00FF7073 /* 环境监测 */ = {
			isa = PBXGroup;
			children = (
				009228281EDFA9F6007A265D /* 污染模式 */,
				0092281D1EDEA8A9007A265D /* 儿童周末模式 */,
				009998A11EDC15D900FF7073 /* EnvironmentVC.h */,
				009998A21EDC15D900FF7073 /* EnvironmentVC.m */,
				009998A31EDC15D900FF7073 /* EnvironmentVC.xib */,
				009998A91EDC225800FF7073 /* CityChoseView.h */,
				009998AA1EDC225800FF7073 /* CityChoseView.m */,
				009998AC1EDD2ADC00FF7073 /* EnviroHeaderView.h */,
				009998AD1EDD2ADC00FF7073 /* EnviroHeaderView.m */,
				009998AF1EDD2AF500FF7073 /* EnviroHeaderView.xib */,
			);
			path = "环境监测";
			sourceTree = "<group>";
		};
		009998A61EDC215900FF7073 /* Resource */ = {
			isa = PBXGroup;
			children = (
				009998A71EDC215F00FF7073 /* Provineces.plist */,
			);
			path = Resource;
			sourceTree = "<group>";
		};
		00F3B31C1ED3ED9800815877 = {
			isa = PBXGroup;
			children = (
				00F3B3271ED3ED9800815877 /* newBase */,
				00F3B3261ED3ED9800815877 /* Products */,
				D3BBF1171A027B2A296AA883 /* Pods */,
				BF55574B5462ABA5AF6098D7 /* Frameworks */,
			);
			sourceTree = "<group>";
		};
		00F3B3261ED3ED9800815877 /* Products */ = {
			isa = PBXGroup;
			children = (
				00F3B3251ED3ED9800815877 /* newBase.app */,
			);
			name = Products;
			sourceTree = "<group>";
		};
		00F3B3271ED3ED9800815877 /* newBase */ = {
			isa = PBXGroup;
			children = (
				004246241ED5C6D90058878C /* Classes */,
				0042465B1ED5C8BB0058878C /* Tool */,
				0042465A1ED5C8BB0058878C /* lib */,
				009998A61EDC215900FF7073 /* Resource */,
				00F3B32B1ED3ED9800815877 /* AppDelegate.h */,
				00F3B32C1ED3ED9800815877 /* AppDelegate.m */,
				00F3B3341ED3ED9800815877 /* Assets.xcassets */,
				00F3B3281ED3ED9800815877 /* Supporting Files */,
				004246231ED5C4F40058878C /* PrefixHeader.pch */,
			);
			path = newBase;
			sourceTree = "<group>";
		};
		00F3B3281ED3ED9800815877 /* Supporting Files */ = {
			isa = PBXGroup;
			children = (
				00F3B3391ED3ED9800815877 /* Info.plist */,
				00F3B3361ED3ED9800815877 /* LaunchScreen.storyboard */,
				00F3B3311ED3ED9800815877 /* Main.storyboard */,
				00F3B3291ED3ED9800815877 /* main.m */,
				0095808C1ED83E800037377D /* ServiceUrl.h */,
			);
			name = "Supporting Files";
			sourceTree = "<group>";
		};
		BF55574B5462ABA5AF6098D7 /* Frameworks */ = {
			isa = PBXGroup;
			children = (
				DF44ED77F07347801EFBF41F /* libPods-newBase.a */,
			);
			name = Frameworks;
			sourceTree = "<group>";
		};
		D3BBF1171A027B2A296AA883 /* Pods */ = {
			isa = PBXGroup;
			children = (
				DADB3C66595C2661B4D4C168 /* Pods-newBase.debug.xcconfig */,
				6645DE2A72BEF547F43A758F /* Pods-newBase.release.xcconfig */,
			);
			name = Pods;
			sourceTree = "<group>";
		};
/* End PBXGroup section */

/* Begin PBXNativeTarget section */
		00F3B3241ED3ED9800815877 /* newBase */ = {
			isa = PBXNativeTarget;
			buildConfigurationList = 00F3B33C1ED3ED9800815877 /* Build configuration list for PBXNativeTarget "newBase" */;
			buildPhases = (
				AC2D32FA2EDFB92220B59490 /* [CP] Check Pods Manifest.lock */,
				00F3B3211ED3ED9800815877 /* Sources */,
				00F3B3221ED3ED9800815877 /* Frameworks */,
				00F3B3231ED3ED9800815877 /* Resources */,
				C3206E0EAD5F9C5EEF860606 /* [CP] Embed Pods Frameworks */,
				45ADB5D765CE3B056CBEFAC2 /* [CP] Copy Pods Resources */,
			);
			buildRules = (
			);
			dependencies = (
			);
			name = newBase;
			productName = newBase;
			productReference = 00F3B3251ED3ED9800815877 /* newBase.app */;
			productType = "com.apple.product-type.application";
		};
/* End PBXNativeTarget section */

/* Begin PBXProject section */
		00F3B31D1ED3ED9800815877 /* Project object */ = {
			isa = PBXProject;
			attributes = {
				LastUpgradeCheck = 0820;
				ORGANIZATIONNAME = Rowling;
				TargetAttributes = {
					00F3B3241ED3ED9800815877 = {
						CreatedOnToolsVersion = 8.2;
						DevelopmentTeam = FHDDQ7Z389;
						ProvisioningStyle = Automatic;
					};
				};
			};
			buildConfigurationList = 00F3B3201ED3ED9800815877 /* Build configuration list for PBXProject "newBase" */;
			compatibilityVersion = "Xcode 3.2";
			developmentRegion = English;
			hasScannedForEncodings = 0;
			knownRegions = (
				en,
				Base,
			);
			mainGroup = 00F3B31C1ED3ED9800815877;
			productRefGroup = 00F3B3261ED3ED9800815877 /* Products */;
			projectDirPath = "";
			projectRoot = "";
			targets = (
				00F3B3241ED3ED9800815877 /* newBase */,
			);
		};
/* End PBXProject section */

/* Begin PBXResourcesBuildPhase section */
		00F3B3231ED3ED9800815877 /* Resources */ = {
			isa = PBXResourcesBuildPhase;
			buildActionMask = 2147483647;
			files = (
				001488131ED980970071F4D7 /* BandViewController.xib in Resources */,
				001487F91ED921020071F4D7 /* ChangePasswordViewController.xib in Resources */,
				009998A81EDC215F00FF7073 /* Provineces.plist in Resources */,
				009580741ED8255D0037377D /* LoginViewController.xib in Resources */,
				009228271EDEC137007A265D /* XMdatePickerView.xib in Resources */,
				009998A51EDC15D900FF7073 /* EnvironmentVC.xib in Resources */,
				009998B01EDD2AF500FF7073 /* EnviroHeaderView.xib in Resources */,
				009580861ED83AC30037377D /* SVProgressHUD.bundle in Resources */,
				0095807A1ED833DE0037377D /* RegisterViewController.xib in Resources */,
				009228221EDEA8FB007A265D /* WeekModelViewControolerViewController.xib in Resources */,
				0014880D1ED955870071F4D7 /* EquipDetailViewController.xib in Resources */,
				00F3B3381ED3ED9800815877 /* LaunchScreen.storyboard in Resources */,
				00F3B3351ED3ED9800815877 /* Assets.xcassets in Resources */,
				001488071ED94E5B0071F4D7 /* EquipCollectionReusableView.xib in Resources */,
				009998951EDC07DC00FF7073 /* DevieceCell.xib in Resources */,
				001488021ED94D9A0071F4D7 /* AddEquipCell.xib in Resources */,
				00F3B3331ED3ED9800815877 /* Main.storyboard in Resources */,
				0092282D1EDFAA32007A265D /* WuranModeViewController.xib in Resources */,
			);
			runOnlyForDeploymentPostprocessing = 0;
		};
/* End PBXResourcesBuildPhase section */

/* Begin PBXShellScriptBuildPhase section */
		45ADB5D765CE3B056CBEFAC2 /* [CP] Copy Pods Resources */ = {
			isa = PBXShellScriptBuildPhase;
			buildActionMask = 2147483647;
			files = (
			);
			inputPaths = (
			);
			name = "[CP] Copy Pods Resources";
			outputPaths = (
			);
			runOnlyForDeploymentPostprocessing = 0;
			shellPath = /bin/sh;
			shellScript = "\"${SRCROOT}/Pods/Target Support Files/Pods-newBase/Pods-newBase-resources.sh\"\n";
			showEnvVarsInLog = 0;
		};
		AC2D32FA2EDFB92220B59490 /* [CP] Check Pods Manifest.lock */ = {
			isa = PBXShellScriptBuildPhase;
			buildActionMask = 2147483647;
			files = (
			);
			inputPaths = (
			);
			name = "[CP] Check Pods Manifest.lock";
			outputPaths = (
			);
			runOnlyForDeploymentPostprocessing = 0;
			shellPath = /bin/sh;
			shellScript = "diff \"${PODS_ROOT}/../Podfile.lock\" \"${PODS_ROOT}/Manifest.lock\" > /dev/null\nif [[ $? != 0 ]] ; then\n    cat << EOM\nerror: The sandbox is not in sync with the Podfile.lock. Run 'pod install' or update your CocoaPods installation.\nEOM\n    exit 1\nfi\n";
			showEnvVarsInLog = 0;
		};
		C3206E0EAD5F9C5EEF860606 /* [CP] Embed Pods Frameworks */ = {
			isa = PBXShellScriptBuildPhase;
			buildActionMask = 2147483647;
			files = (
			);
			inputPaths = (
			);
			name = "[CP] Embed Pods Frameworks";
			outputPaths = (
			);
			runOnlyForDeploymentPostprocessing = 0;
			shellPath = /bin/sh;
			shellScript = "\"${SRCROOT}/Pods/Target Support Files/Pods-newBase/Pods-newBase-frameworks.sh\"\n";
			showEnvVarsInLog = 0;
		};
/* End PBXShellScriptBuildPhase section */

/* Begin PBXSourcesBuildPhase section */
		00F3B3211ED3ED9800815877 /* Sources */ = {
			isa = PBXSourcesBuildPhase;
			buildActionMask = 2147483647;
			files = (
				009580851ED83AC30037377D /* SVIndefiniteAnimatedView.m in Sources */,
				001487FD1ED931410071F4D7 /* AddEquipViewController.m in Sources */,
				009580B91ED880900037377D /* MASViewConstraint.m in Sources */,
				0095808F1ED863620037377D /* UserModel.m in Sources */,
				009580B51ED880900037377D /* MASConstraint.m in Sources */,
				009228211EDEA8FB007A265D /* WeekModelViewControolerViewController.m in Sources */,
				009998A41EDC15D900FF7073 /* EnvironmentVC.m in Sources */,
				009998941EDC07DC00FF7073 /* DevieceCell.m in Sources */,
				0092281C1EDE7DA8007A265D /* XMSocktManager.m in Sources */,
				009580731ED8255D0037377D /* LoginViewController.m in Sources */,
				009580921ED864830037377D /* LoginTool.m in Sources */,
				009580871ED83AC30037377D /* SVProgressHUD.m in Sources */,
				004246921ED5CE830058878C /* DiscoverViewController.m in Sources */,
				009580C01ED880900037377D /* XMSuperHelper.m in Sources */,
				009580BF1ED880900037377D /* XMBaseViewController.m in Sources */,
				001488061ED94E5B0071F4D7 /* EquipCollectionReusableView.m in Sources */,
				009580BD1ED880900037377D /* ViewController+MASAdditions.m in Sources */,
				009580BC1ED880900037377D /* View+MASAdditions.m in Sources */,
				0042469B1ED5D1B00058878C /* MessageViewController.m in Sources */,
				001487F81ED921020071F4D7 /* ChangePasswordViewController.m in Sources */,
				009580B81ED880900037377D /* MASViewAttribute.m in Sources */,
				001488121ED980970071F4D7 /* BandViewController.m in Sources */,
				009580791ED833DE0037377D /* RegisterViewController.m in Sources */,
				00F3B32D1ED3ED9800815877 /* AppDelegate.m in Sources */,
				0095807D1ED838D10037377D /* JKCountDownButton.m in Sources */,
				009580B41ED880900037377D /* MASCompositeConstraint.m in Sources */,
				009580B71ED880900037377D /* MASLayoutConstraint.m in Sources */,
				009580BE1ED880900037377D /* WYNetTool.m in Sources */,
				009228301EDFAC14007A265D /* MianButton.m in Sources */,
				0092282C1EDFAA32007A265D /* WuranModeViewController.m in Sources */,
				001488011ED94D9A0071F4D7 /* AddEquipCell.m in Sources */,
				004246A11ED5D21A0058878C /* DevieceViewController.m in Sources */,
				009998AB1EDC225800FF7073 /* CityChoseView.m in Sources */,
				004246A41ED5D24D0058878C /* XMnavigationController.m in Sources */,
				0014880C1ED955870071F4D7 /* EquipDetailViewController.m in Sources */,
				009228261EDEC137007A265D /* XMdatePickerView.m in Sources */,
				009580B61ED880900037377D /* MASConstraintMaker.m in Sources */,
				009580BA1ED880900037377D /* NSArray+MASAdditions.m in Sources */,
				00F3B32A1ED3ED9800815877 /* main.m in Sources */,
				009998AE1EDD2ADC00FF7073 /* EnviroHeaderView.m in Sources */,
				0042469E1ED5D1E90058878C /* XMTabBarController.m in Sources */,
				004246951ED5D1860058878C /* ShopViewController.m in Sources */,
				0095808A1ED83AE60037377D /* Apputil.m in Sources */,
				009580BB1ED880900037377D /* NSLayoutConstraint+MASDebugAdditions.m in Sources */,
			);
			runOnlyForDeploymentPostprocessing = 0;
		};
/* End PBXSourcesBuildPhase section */

/* Begin PBXVariantGroup section */
		00F3B3311ED3ED9800815877 /* Main.storyboard */ = {
			isa = PBXVariantGroup;
			children = (
				00F3B3321ED3ED9800815877 /* Base */,
			);
			name = Main.storyboard;
			sourceTree = "<group>";
		};
		00F3B3361ED3ED9800815877 /* LaunchScreen.storyboard */ = {
			isa = PBXVariantGroup;
			children = (
				00F3B3371ED3ED9800815877 /* Base */,
			);
			name = LaunchScreen.storyboard;
			sourceTree = "<group>";
		};
/* End PBXVariantGroup section */

/* Begin XCBuildConfiguration section */
		00F3B33A1ED3ED9800815877 /* Debug */ = {
			isa = XCBuildConfiguration;
			buildSettings = {
				ALWAYS_SEARCH_USER_PATHS = NO;
				CLANG_ANALYZER_NONNULL = YES;
				CLANG_CXX_LANGUAGE_STANDARD = "gnu++0x";
				CLANG_CXX_LIBRARY = "libc++";
				CLANG_ENABLE_MODULES = YES;
				CLANG_ENABLE_OBJC_ARC = YES;
				CLANG_WARN_BOOL_CONVERSION = YES;
				CLANG_WARN_CONSTANT_CONVERSION = YES;
				CLANG_WARN_DIRECT_OBJC_ISA_USAGE = YES_ERROR;
				CLANG_WARN_DOCUMENTATION_COMMENTS = YES;
				CLANG_WARN_EMPTY_BODY = YES;
				CLANG_WARN_ENUM_CONVERSION = YES;
				CLANG_WARN_INFINITE_RECURSION = YES;
				CLANG_WARN_INT_CONVERSION = YES;
				CLANG_WARN_OBJC_ROOT_CLASS = YES_ERROR;
				CLANG_WARN_SUSPICIOUS_MOVE = YES;
				CLANG_WARN_UNREACHABLE_CODE = YES;
				CLANG_WARN__DUPLICATE_METHOD_MATCH = YES;
				"CODE_SIGN_IDENTITY[sdk=iphoneos*]" = "iPhone Developer";
				COPY_PHASE_STRIP = NO;
				DEBUG_INFORMATION_FORMAT = dwarf;
				ENABLE_STRICT_OBJC_MSGSEND = YES;
				ENABLE_TESTABILITY = YES;
				GCC_C_LANGUAGE_STANDARD = gnu99;
				GCC_DYNAMIC_NO_PIC = NO;
				GCC_NO_COMMON_BLOCKS = YES;
				GCC_OPTIMIZATION_LEVEL = 0;
				GCC_PREPROCESSOR_DEFINITIONS = (
					"DEBUG=1",
					"$(inherited)",
				);
				GCC_WARN_64_TO_32_BIT_CONVERSION = YES;
				GCC_WARN_ABOUT_RETURN_TYPE = YES_ERROR;
				GCC_WARN_UNDECLARED_SELECTOR = YES;
				GCC_WARN_UNINITIALIZED_AUTOS = YES_AGGRESSIVE;
				GCC_WARN_UNUSED_FUNCTION = YES;
				GCC_WARN_UNUSED_VARIABLE = YES;
				IPHONEOS_DEPLOYMENT_TARGET = 10.2;
				MTL_ENABLE_DEBUG_INFO = YES;
				ONLY_ACTIVE_ARCH = YES;
				SDKROOT = iphoneos;
			};
			name = Debug;
		};
		00F3B33B1ED3ED9800815877 /* Release */ = {
			isa = XCBuildConfiguration;
			buildSettings = {
				ALWAYS_SEARCH_USER_PATHS = NO;
				CLANG_ANALYZER_NONNULL = YES;
				CLANG_CXX_LANGUAGE_STANDARD = "gnu++0x";
				CLANG_CXX_LIBRARY = "libc++";
				CLANG_ENABLE_MODULES = YES;
				CLANG_ENABLE_OBJC_ARC = YES;
				CLANG_WARN_BOOL_CONVERSION = YES;
				CLANG_WARN_CONSTANT_CONVERSION = YES;
				CLANG_WARN_DIRECT_OBJC_ISA_USAGE = YES_ERROR;
				CLANG_WARN_DOCUMENTATION_COMMENTS = YES;
				CLANG_WARN_EMPTY_BODY = YES;
				CLANG_WARN_ENUM_CONVERSION = YES;
				CLANG_WARN_INFINITE_RECURSION = YES;
				CLANG_WARN_INT_CONVERSION = YES;
				CLANG_WARN_OBJC_ROOT_CLASS = YES_ERROR;
				CLANG_WARN_SUSPICIOUS_MOVE = YES;
				CLANG_WARN_UNREACHABLE_CODE = YES;
				CLANG_WARN__DUPLICATE_METHOD_MATCH = YES;
				"CODE_SIGN_IDENTITY[sdk=iphoneos*]" = "iPhone Developer";
				COPY_PHASE_STRIP = NO;
				DEBUG_INFORMATION_FORMAT = "dwarf-with-dsym";
				ENABLE_NS_ASSERTIONS = NO;
				ENABLE_STRICT_OBJC_MSGSEND = YES;
				GCC_C_LANGUAGE_STANDARD = gnu99;
				GCC_NO_COMMON_BLOCKS = YES;
				GCC_WARN_64_TO_32_BIT_CONVERSION = YES;
				GCC_WARN_ABOUT_RETURN_TYPE = YES_ERROR;
				GCC_WARN_UNDECLARED_SELECTOR = YES;
				GCC_WARN_UNINITIALIZED_AUTOS = YES_AGGRESSIVE;
				GCC_WARN_UNUSED_FUNCTION = YES;
				GCC_WARN_UNUSED_VARIABLE = YES;
				IPHONEOS_DEPLOYMENT_TARGET = 10.2;
				MTL_ENABLE_DEBUG_INFO = NO;
				SDKROOT = iphoneos;
				VALIDATE_PRODUCT = YES;
			};
			name = Release;
		};
		00F3B33D1ED3ED9800815877 /* Debug */ = {
			isa = XCBuildConfiguration;
			baseConfigurationReference = DADB3C66595C2661B4D4C168 /* Pods-newBase.debug.xcconfig */;
			buildSettings = {
				ASSETCATALOG_COMPILER_APPICON_NAME = AppIcon;
				DEVELOPMENT_TEAM = FHDDQ7Z389;
				GCC_PREFIX_HEADER = "$(SRCROOT)/newBase/PrefixHeader.pch";
				INFOPLIST_FILE = newBase/Info.plist;
				LD_RUNPATH_SEARCH_PATHS = "$(inherited) @executable_path/Frameworks";
				PRODUCT_BUNDLE_IDENTIFIER = com.newbeelxm.www.newBase;
				PRODUCT_NAME = "$(TARGET_NAME)";
			};
			name = Debug;
		};
		00F3B33E1ED3ED9800815877 /* Release */ = {
			isa = XCBuildConfiguration;
			baseConfigurationReference = 6645DE2A72BEF547F43A758F /* Pods-newBase.release.xcconfig */;
			buildSettings = {
				ASSETCATALOG_COMPILER_APPICON_NAME = AppIcon;
				DEVELOPMENT_TEAM = FHDDQ7Z389;
				GCC_PREFIX_HEADER = "$(SRCROOT)/newBase/PrefixHeader.pch";
				INFOPLIST_FILE = newBase/Info.plist;
				LD_RUNPATH_SEARCH_PATHS = "$(inherited) @executable_path/Frameworks";
				PRODUCT_BUNDLE_IDENTIFIER = com.newbeelxm.www.newBase;
				PRODUCT_NAME = "$(TARGET_NAME)";
			};
			name = Release;
		};
/* End XCBuildConfiguration section */

/* Begin XCConfigurationList section */
		00F3B3201ED3ED9800815877 /* Build configuration list for PBXProject "newBase" */ = {
			isa = XCConfigurationList;
			buildConfigurations = (
				00F3B33A1ED3ED9800815877 /* Debug */,
				00F3B33B1ED3ED9800815877 /* Release */,
			);
			defaultConfigurationIsVisible = 0;
			defaultConfigurationName = Release;
		};
		00F3B33C1ED3ED9800815877 /* Build configuration list for PBXNativeTarget "newBase" */ = {
			isa = XCConfigurationList;
			buildConfigurations = (
				00F3B33D1ED3ED9800815877 /* Debug */,
				00F3B33E1ED3ED9800815877 /* Release */,
			);
			defaultConfigurationIsVisible = 0;
			defaultConfigurationName = Release;
		};
/* End XCConfigurationList section */
	};
	rootObject = 00F3B31D1ED3ED9800815877 /* Project object */;
}
